
Microsoft Visual Studio Solution File, Format Version 12.00
# Visual Studio 15
VisualStudioVersion = 15.0.27703.2026
MinimumVisualStudioVersion = 10.0.40219.1
Project("{FAE04EC0-301F-11D3-BF4B-00C04F79EFBC}") = "BY1", "BY1\BY1.csproj", "{AC014045-029B-4B55-9C07-D304350D3401}"
EndProject
Global
	GlobalSection(SolutionConfigurationPlatforms) = preSolution
		Debug|Any CPU = Debug|Any CPU
		Release|Any CPU = Release|Any CPU
	EndGlobalSection
	GlobalSection(ProjectConfigurationPlatforms) = postSolution
		{AC014045-029B-4B55-9C07-D304350D3401}.Debug|Any CPU.ActiveCfg = Debug|Any CPU
		{AC014045-029B-4B55-9C07-D304350D3401}.Debug|Any CPU.Build.0 = Debug|Any CPU
		{AC014045-029B-4B55-9C07-D304350D3401}.Release|Any CPU.ActiveCfg = Release|Any CPU
		{AC014045-029B-4B55-9C07-D304350D3401}.Release|Any CPU.Build.0 = Release|Any CPU
	EndGlobalSection
	GlobalSection(SolutionProperties) = preSolution
		HideSolutionNode = FALSE
	EndGlobalSection
	GlobalSection(ExtensibilityGlobals) = postSolution
		SolutionGuid = {86F81BBB-5886-4EFF-80D5-3C5F3C940484}
	EndGlobalSection
EndGlobal
